
Microsoft Visual Studio Solution File, Format Version 12.00
# Visual Studio Version 17
VisualStudioVersion = 17.2.32526.322
MinimumVisualStudioVersion = 10.0.40219.1
Project("{FAE04EC0-301F-11D3-BF4B-00C04F79EFBC}") = "Employee Wage", "Employee Wage.csproj", "{0202B76B-9CF1-45B1-89F7-6F5270AFFEC8}"
EndProject
Global
	GlobalSection(SolutionConfigurationPlatforms) = preSolution
		Debug|Any CPU = Debug|Any CPU
		Release|Any CPU = Release|Any CPU
	EndGlobalSection
	GlobalSection(ProjectConfigurationPlatforms) = postSolution
		{0202B76B-9CF1-45B1-89F7-6F5270AFFEC8}.Debug|Any CPU.ActiveCfg = Debug|Any CPU
		{0202B76B-9CF1-45B1-89F7-6F5270AFFEC8}.Debug|Any CPU.Build.0 = Debug|Any CPU
		{0202B76B-9CF1-45B1-89F7-6F5270AFFEC8}.Release|Any CPU.ActiveCfg = Release|Any CPU
		{0202B76B-9CF1-45B1-89F7-6F5270AFFEC8}.Release|Any CPU.Build.0 = Release|Any CPU
	EndGlobalSection
	GlobalSection(SolutionProperties) = preSolution
		HideSolutionNode = FALSE
	EndGlobalSection
	GlobalSection(ExtensibilityGlobals) = postSolution
		SolutionGuid = {1E11A219-D325-4D96-9A0E-63F7CDCB1B80}
	EndGlobalSection
EndGlobal
